
Microsoft Visual Studio Solution File, Format Version 12.00
# Visual Studio 15
Project("{FAE04EC0-301F-11D3-BF4B-00C04F79EFBC}") = "Unity.Timeline", "Unity.Timeline.csproj", "{4180AAA0-5B25-7178-EEA9-6E12E86F50B9}"
EndProject
Project("{FAE04EC0-301F-11D3-BF4B-00C04F79EFBC}") = "Unity.Timeline.Editor", "Unity.Timeline.Editor.csproj", "{D66E4D40-7589-0E18-688F-14DEE81234B9}"
EndProject
Project("{FAE04EC0-301F-11D3-BF4B-00C04F79EFBC}") = "Unity.TextMeshPro.Editor", "Unity.TextMeshPro.Editor.csproj", "{1720CC4D-98A1-684F-1C7F-4AE9D5658B8D}"
EndProject
Project("{FAE04EC0-301F-11D3-BF4B-00C04F79EFBC}") = "Unity.VisualScripting.Flow", "Unity.VisualScripting.Flow.csproj", "{45FDF909-66B4-CFCD-9D58-CAFA37185E24}"
EndProject
Project("{FAE04EC0-301F-11D3-BF4B-00C04F79EFBC}") = "UnityEditor.UI", "UnityEditor.UI.csproj", "{A5EAE73F-F19D-929D-B677-372AA863ADED}"
EndProject
Project("{FAE04EC0-301F-11D3-BF4B-00C04F79EFBC}") = "Unity.PlasticSCM.Editor", "Unity.PlasticSCM.Editor.csproj", "{5B02EAF0-7854-9D02-9227-D3F51AC9506E}"
EndProject
Project("{FAE04EC0-301F-11D3-BF4B-00C04F79EFBC}") = "Unity.VisualScripting.Core", "Unity.VisualScripting.Core.csproj", "{C0518BD9-5A33-15FB-6566-EC079867B5B3}"
EndProject
Project("{FAE04EC0-301F-11D3-BF4B-00C04F79EFBC}") = "Unity.VisualScripting.Core.Editor", "Unity.VisualScripting.Core.Editor.csproj", "{B03EDCA8-419C-B1E5-210F-DD4EFB7AD1B7}"
EndProject
Project("{FAE04EC0-301F-11D3-BF4B-00C04F79EFBC}") = "Unity.VisualScripting.Flow.Editor", "Unity.VisualScripting.Flow.Editor.csproj", "{0EDEC42D-58C7-6D0E-BB46-170E37E21BDD}"
EndProject
Project("{FAE04EC0-301F-11D3-BF4B-00C04F79EFBC}") = "UnityEditor.TestRunner", "UnityEditor.TestRunner.csproj", "{33694D87-CF1C-2187-C8F9-8059B2F20ADE}"
EndProject
Project("{FAE04EC0-301F-11D3-BF4B-00C04F79EFBC}") = "Unity.VisualScripting.SettingsProvider.Editor", "Unity.VisualScripting.SettingsProvider.Editor.csproj", "{298914EA-C9F2-B9B8-B36C-F677A157336D}"
EndProject
Project("{FAE04EC0-301F-11D3-BF4B-00C04F79EFBC}") = "UnityEngine.TestRunner", "UnityEngine.TestRunner.csproj", "{518A05B9-1F74-019E-6FEE-E5939C6510C8}"
EndProject
Project("{FAE04EC0-301F-11D3-BF4B-00C04F79EFBC}") = "UnityEngine.UI", "UnityEngine.UI.csproj", "{71212CBE-2270-5522-5D00-632A9569D995}"
EndProject
Project("{FAE04EC0-301F-11D3-BF4B-00C04F79EFBC}") = "Unity.VisualStudio.Editor", "Unity.VisualStudio.Editor.csproj", "{2FEA0A10-04F0-8A7E-33AE-2830BC187487}"
EndProject
Project("{FAE04EC0-301F-11D3-BF4B-00C04F79EFBC}") = "Unity.TestTools.CodeCoverage.Editor.OpenCover.Model", "Unity.TestTools.CodeCoverage.Editor.OpenCover.Model.csproj", "{F0B68602-086F-45A4-E823-C46D15356BFC}"
EndProject
Project("{FAE04EC0-301F-11D3-BF4B-00C04F79EFBC}") = "Unity.Rider.Editor", "Unity.Rider.Editor.csproj", "{33EC779C-1834-7C0B-82AF-EF8BFC68171E}"
EndProject
Project("{FAE04EC0-301F-11D3-BF4B-00C04F79EFBC}") = "Unity.VisualScripting.State.Editor", "Unity.VisualScripting.State.Editor.csproj", "{4E5D73E3-5003-4B0F-184F-63B8CDBD3344}"
EndProject
Project("{FAE04EC0-301F-11D3-BF4B-00C04F79EFBC}") = "Unity.TestTools.CodeCoverage.Editor", "Unity.TestTools.CodeCoverage.Editor.csproj", "{3BDDED5E-15E3-AA74-E816-FA34B269353D}"
EndProject
Project("{FAE04EC0-301F-11D3-BF4B-00C04F79EFBC}") = "Unity.VisualScripting.State", "Unity.VisualScripting.State.csproj", "{52CF9020-772E-F702-DDAA-DB02E700D327}"
EndProject
Project("{FAE04EC0-301F-11D3-BF4B-00C04F79EFBC}") = "Unity.TextMeshPro", "Unity.TextMeshPro.csproj", "{9417EC0B-88E7-5994-DC5C-B6CD1EB7765C}"
EndProject
Project("{FAE04EC0-301F-11D3-BF4B-00C04F79EFBC}") = "Unity.Performance.Profile-Analyzer.Editor", "Unity.Performance.Profile-Analyzer.Editor.csproj", "{FC2D14B3-C599-AF30-BFCC-4F7A1347ED56}"
EndProject
Project("{FAE04EC0-301F-11D3-BF4B-00C04F79EFBC}") = "Unity.VSCode.Editor", "Unity.VSCode.Editor.csproj", "{82CFC2E1-7175-652A-88AC-967A12A60C55}"
EndProject
Project("{FAE04EC0-301F-11D3-BF4B-00C04F79EFBC}") = "Unity.TestTools.CodeCoverage.Editor.OpenCover.Mono.Reflection", "Unity.TestTools.CodeCoverage.Editor.OpenCover.Mono.Reflection.csproj", "{15E883D8-98E0-1E21-05DC-5E3E14167893}"
EndProject
Project("{FAE04EC0-301F-11D3-BF4B-00C04F79EFBC}") = "Unity.Settings.Editor", "Unity.Settings.Editor.csproj", "{6910571F-6362-458C-BD74-86E43C672FE3}"
EndProject
Project("{FAE04EC0-301F-11D3-BF4B-00C04F79EFBC}") = "Unity.EditorCoroutines.Editor", "Unity.EditorCoroutines.Editor.csproj", "{1B1FEF5E-7922-782A-6AF2-A99A10FB2018}"
EndProject
Project("{FAE04EC0-301F-11D3-BF4B-00C04F79EFBC}") = "Unity.VisualScripting.Shared.Editor", "Unity.VisualScripting.Shared.Editor.csproj", "{74BF7C4E-C954-4987-ABBF-C6741C7A0A4F}"
EndProject
Project("{FAE04EC0-301F-11D3-BF4B-00C04F79EFBC}") = "Unity.CollabProxy.Editor", "Unity.CollabProxy.Editor.csproj", "{E48CCE30-5035-E65C-4754-FFD0DE8F1797}"
EndProject
Project("{FAE04EC0-301F-11D3-BF4B-00C04F79EFBC}") = "Unity.Timeline", "Unity.Timeline.Player.csproj", "{48F49011-479C-3F5F-EC35-6A13C48AA69C}"
EndProject
Project("{FAE04EC0-301F-11D3-BF4B-00C04F79EFBC}") = "Unity.VisualScripting.Flow", "Unity.VisualScripting.Flow.Player.csproj", "{D843BDEA-5FC4-7FE5-C591-C217591116EB}"
EndProject
Project("{FAE04EC0-301F-11D3-BF4B-00C04F79EFBC}") = "Unity.VisualScripting.Core", "Unity.VisualScripting.Core.Player.csproj", "{1FB5756A-0E38-2320-9734-714D7B28BB2C}"
EndProject
Project("{FAE04EC0-301F-11D3-BF4B-00C04F79EFBC}") = "UnityEngine.TestRunner", "UnityEngine.TestRunner.Player.csproj", "{8D8FAA1D-F6D5-7DAB-965D-6E97CF39B11B}"
EndProject
Project("{FAE04EC0-301F-11D3-BF4B-00C04F79EFBC}") = "UnityEngine.UI", "UnityEngine.UI.Player.csproj", "{56926F88-1B63-3940-0F6A-8E2B3B827016}"
EndProject
Project("{FAE04EC0-301F-11D3-BF4B-00C04F79EFBC}") = "Unity.VisualScripting.State", "Unity.VisualScripting.State.Player.csproj", "{A3A52726-29EA-CB7C-B70E-26730841FC25}"
EndProject
Project("{FAE04EC0-301F-11D3-BF4B-00C04F79EFBC}") = "Unity.TextMeshPro", "Unity.TextMeshPro.Player.csproj", "{ABAC4C26-7267-4B81-0E35-105BECFCD572}"
EndProject
Global
	GlobalSection(SolutionConfigurationPlatforms) = preSolution
		Debug|Any CPU = Debug|Any CPU
		Release|Any CPU = Release|Any CPU
	EndGlobalSection
	GlobalSection(ProjectConfigurationPlatforms) = postSolution
		{4180AAA0-5B25-7178-EEA9-6E12E86F50B9}.Debug|Any CPU.ActiveCfg = Debug|Any CPU
		{4180AAA0-5B25-7178-EEA9-6E12E86F50B9}.Debug|Any CPU.Build.0 = Debug|Any CPU
		{4180AAA0-5B25-7178-EEA9-6E12E86F50B9}.Release|Any CPU.ActiveCfg = Release|Any CPU
		{4180AAA0-5B25-7178-EEA9-6E12E86F50B9}.Release|Any CPU.Build.0 = Release|Any CPU
		{D66E4D40-7589-0E18-688F-14DEE81234B9}.Debug|Any CPU.ActiveCfg = Debug|Any CPU
		{D66E4D40-7589-0E18-688F-14DEE81234B9}.Debug|Any CPU.Build.0 = Debug|Any CPU
		{D66E4D40-7589-0E18-688F-14DEE81234B9}.Release|Any CPU.ActiveCfg = Release|Any CPU
		{D66E4D40-7589-0E18-688F-14DEE81234B9}.Release|Any CPU.Build.0 = Release|Any CPU
		{1720CC4D-98A1-684F-1C7F-4AE9D5658B8D}.Debug|Any CPU.ActiveCfg = Debug|Any CPU
		{1720CC4D-98A1-684F-1C7F-4AE9D5658B8D}.Debug|Any CPU.Build.0 = Debug|Any CPU
		{1720CC4D-98A1-684F-1C7F-4AE9D5658B8D}.Release|Any CPU.ActiveCfg = Release|Any CPU
		{1720CC4D-98A1-684F-1C7F-4AE9D5658B8D}.Release|Any CPU.Build.0 = Release|Any CPU
		{45FDF909-66B4-CFCD-9D58-CAFA37185E24}.Debug|Any CPU.ActiveCfg = Debug|Any CPU
		{45FDF909-66B4-CFCD-9D58-CAFA37185E24}.Debug|Any CPU.Build.0 = Debug|Any CPU
		{45FDF909-66B4-CFCD-9D58-CAFA37185E24}.Release|Any CPU.ActiveCfg = Release|Any CPU
		{45FDF909-66B4-CFCD-9D58-CAFA37185E24}.Release|Any CPU.Build.0 = Release|Any CPU
		{A5EAE73F-F19D-929D-B677-372AA863ADED}.Debug|Any CPU.ActiveCfg = Debug|Any CPU
		{A5EAE73F-F19D-929D-B677-372AA863ADED}.Debug|Any CPU.Build.0 = Debug|Any CPU
		{A5EAE73F-F19D-929D-B677-372AA863ADED}.Release|Any CPU.ActiveCfg = Release|Any CPU
		{A5EAE73F-F19D-929D-B677-372AA863ADED}.Release|Any CPU.Build.0 = Release|Any CPU
		{5B02EAF0-7854-9D02-9227-D3F51AC9506E}.Debug|Any CPU.ActiveCfg = Debug|Any CPU
		{5B02EAF0-7854-9D02-9227-D3F51AC9506E}.Debug|Any CPU.Build.0 = Debug|Any CPU
		{5B02EAF0-7854-9D02-9227-D3F51AC9506E}.Release|Any CPU.ActiveCfg = Release|Any CPU
		{5B02EAF0-7854-9D02-9227-D3F51AC9506E}.Release|Any CPU.Build.0 = Release|Any CPU
		{C0518BD9-5A33-15FB-6566-EC079867B5B3}.Debug|Any CPU.ActiveCfg = Debug|Any CPU
		{C0518BD9-5A33-15FB-6566-EC079867B5B3}.Debug|Any CPU.Build.0 = Debug|Any CPU
		{C0518BD9-5A33-15FB-6566-EC079867B5B3}.Release|Any CPU.ActiveCfg = Release|Any CPU
		{C0518BD9-5A33-15FB-6566-EC079867B5B3}.Release|Any CPU.Build.0 = Release|Any CPU
		{B03EDCA8-419C-B1E5-210F-DD4EFB7AD1B7}.Debug|Any CPU.ActiveCfg = Debug|Any CPU
		{B03EDCA8-419C-B1E5-210F-DD4EFB7AD1B7}.Debug|Any CPU.Build.0 = Debug|Any CPU
		{B03EDCA8-419C-B1E5-210F-DD4EFB7AD1B7}.Release|Any CPU.ActiveCfg = Release|Any CPU
		{B03EDCA8-419C-B1E5-210F-DD4EFB7AD1B7}.Release|Any CPU.Build.0 = Release|Any CPU
		{0EDEC42D-58C7-6D0E-BB46-170E37E21BDD}.Debug|Any CPU.ActiveCfg = Debug|Any CPU
		{0EDEC42D-58C7-6D0E-BB46-170E37E21BDD}.Debug|Any CPU.Build.0 = Debug|Any CPU
		{0EDEC42D-58C7-6D0E-BB46-170E37E21BDD}.Release|Any CPU.ActiveCfg = Release|Any CPU
		{0EDEC42D-58C7-6D0E-BB46-170E37E21BDD}.Release|Any CPU.Build.0 = Release|Any CPU
		{33694D87-CF1C-2187-C8F9-8059B2F20ADE}.Debug|Any CPU.ActiveCfg = Debug|Any CPU
		{33694D87-CF1C-2187-C8F9-8059B2F20ADE}.Debug|Any CPU.Build.0 = Debug|Any CPU
		{33694D87-CF1C-2187-C8F9-8059B2F20ADE}.Release|Any CPU.ActiveCfg = Release|Any CPU
		{33694D87-CF1C-2187-C8F9-8059B2F20ADE}.Release|Any CPU.Build.0 = Release|Any CPU
		{298914EA-C9F2-B9B8-B36C-F677A157336D}.Debug|Any CPU.ActiveCfg = Debug|Any CPU
		{298914EA-C9F2-B9B8-B36C-F677A157336D}.Debug|Any CPU.Build.0 = Debug|Any CPU
		{298914EA-C9F2-B9B8-B36C-F677A157336D}.Release|Any CPU.ActiveCfg = Release|Any CPU
		{298914EA-C9F2-B9B8-B36C-F677A157336D}.Release|Any CPU.Build.0 = Release|Any CPU
		{518A05B9-1F74-019E-6FEE-E5939C6510C8}.Debug|Any CPU.ActiveCfg = Debug|Any CPU
		{518A05B9-1F74-019E-6FEE-E5939C6510C8}.Debug|Any CPU.Build.0 = Debug|Any CPU
		{518A05B9-1F74-019E-6FEE-E5939C6510C8}.Release|Any CPU.ActiveCfg = Release|Any CPU
		{518A05B9-1F74-019E-6FEE-E5939C6510C8}.Release|Any CPU.Build.0 = Release|Any CPU
		{71212CBE-2270-5522-5D00-632A9569D995}.Debug|Any CPU.ActiveCfg = Debug|Any CPU
		{71212CBE-2270-5522-5D00-632A9569D995}.Debug|Any CPU.Build.0 = Debug|Any CPU
		{71212CBE-2270-5522-5D00-632A9569D995}.Release|Any CPU.ActiveCfg = Release|Any CPU
		{71212CBE-2270-5522-5D00-632A9569D995}.Release|Any CPU.Build.0 = Release|Any CPU
		{2FEA0A10-04F0-8A7E-33AE-2830BC187487}.Debug|Any CPU.ActiveCfg = Debug|Any CPU
		{2FEA0A10-04F0-8A7E-33AE-2830BC187487}.Debug|Any CPU.Build.0 = Debug|Any CPU
		{2FEA0A10-04F0-8A7E-33AE-2830BC187487}.Release|Any CPU.ActiveCfg = Release|Any CPU
		{2FEA0A10-04F0-8A7E-33AE-2830BC187487}.Release|Any CPU.Build.0 = Release|Any CPU
		{F0B68602-086F-45A4-E823-C46D15356BFC}.Debug|Any CPU.ActiveCfg = Debug|Any CPU
		{F0B68602-086F-45A4-E823-C46D15356BFC}.Debug|Any CPU.Build.0 = Debug|Any CPU
		{F0B68602-086F-45A4-E823-C46D15356BFC}.Release|Any CPU.ActiveCfg = Release|Any CPU
		{F0B68602-086F-45A4-E823-C46D15356BFC}.Release|Any CPU.Build.0 = Release|Any CPU
		{33EC779C-1834-7C0B-82AF-EF8BFC68171E}.Debug|Any CPU.ActiveCfg = Debug|Any CPU
		{33EC779C-1834-7C0B-82AF-EF8BFC68171E}.Debug|Any CPU.Build.0 = Debug|Any CPU
		{33EC779C-1834-7C0B-82AF-EF8BFC68171E}.Release|Any CPU.ActiveCfg = Release|Any CPU
		{33EC779C-1834-7C0B-82AF-EF8BFC68171E}.Release|Any CPU.Build.0 = Release|Any CPU
		{4E5D73E3-5003-4B0F-184F-63B8CDBD3344}.Debug|Any CPU.ActiveCfg = Debug|Any CPU
		{4E5D73E3-5003-4B0F-184F-63B8CDBD3344}.Debug|Any CPU.Build.0 = Debug|Any CPU
		{4E5D73E3-5003-4B0F-184F-63B8CDBD3344}.Release|Any CPU.ActiveCfg = Release|Any CPU
		{4E5D73E3-5003-4B0F-184F-63B8CDBD3344}.Release|Any CPU.Build.0 = Release|Any CPU
		{3BDDED5E-15E3-AA74-E816-FA34B269353D}.Debug|Any CPU.ActiveCfg = Debug|Any CPU
		{3BDDED5E-15E3-AA74-E816-FA34B269353D}.Debug|Any CPU.Build.0 = Debug|Any CPU
		{3BDDED5E-15E3-AA74-E816-FA34B269353D}.Release|Any CPU.ActiveCfg = Release|Any CPU
		{3BDDED5E-15E3-AA74-E816-FA34B269353D}.Release|Any CPU.Build.0 = Release|Any CPU
		{52CF9020-772E-F702-DDAA-DB02E700D327}.Debug|Any CPU.ActiveCfg = Debug|Any CPU
		{52CF9020-772E-F702-DDAA-DB02E700D327}.Debug|Any CPU.Build.0 = Debug|Any CPU
		{52CF9020-772E-F702-DDAA-DB02E700D327}.Release|Any CPU.ActiveCfg = Release|Any CPU
		{52CF9020-772E-F702-DDAA-DB02E700D327}.Release|Any CPU.Build.0 = Release|Any CPU
		{9417EC0B-88E7-5994-DC5C-B6CD1EB7765C}.Debug|Any CPU.ActiveCfg = Debug|Any CPU
		{9417EC0B-88E7-5994-DC5C-B6CD1EB7765C}.Debug|Any CPU.Build.0 = Debug|Any CPU
		{9417EC0B-88E7-5994-DC5C-B6CD1EB7765C}.Release|Any CPU.ActiveCfg = Release|Any CPU
		{9417EC0B-88E7-5994-DC5C-B6CD1EB7765C}.Release|Any CPU.Build.0 = Release|Any CPU
		{FC2D14B3-C599-AF30-BFCC-4F7A1347ED56}.Debug|Any CPU.ActiveCfg = Debug|Any CPU
		{FC2D14B3-C599-AF30-BFCC-4F7A1347ED56}.Debug|Any CPU.Build.0 = Debug|Any CPU
		{FC2D14B3-C599-AF30-BFCC-4F7A1347ED56}.Release|Any CPU.ActiveCfg = Release|Any CPU
		{FC2D14B3-C599-AF30-BFCC-4F7A1347ED56}.Release|Any CPU.Build.0 = Release|Any CPU
		{82CFC2E1-7175-652A-88AC-967A12A60C55}.Debug|Any CPU.ActiveCfg = Debug|Any CPU
		{82CFC2E1-7175-652A-88AC-967A12A60C55}.Debug|Any CPU.Build.0 = Debug|Any CPU
		{82CFC2E1-7175-652A-88AC-967A12A60C55}.Release|Any CPU.ActiveCfg = Release|Any CPU
		{82CFC2E1-7175-652A-88AC-967A12A60C55}.Release|Any CPU.Build.0 = Release|Any CPU
		{15E883D8-98E0-1E21-05DC-5E3E14167893}.Debug|Any CPU.ActiveCfg = Debug|Any CPU
		{15E883D8-98E0-1E21-05DC-5E3E14167893}.Debug|Any CPU.Build.0 = Debug|Any CPU
		{15E883D8-98E0-1E21-05DC-5E3E14167893}.Release|Any CPU.ActiveCfg = Release|Any CPU
		{15E883D8-98E0-1E21-05DC-5E3E14167893}.Release|Any CPU.Build.0 = Release|Any CPU
		{6910571F-6362-458C-BD74-86E43C672FE3}.Debug|Any CPU.ActiveCfg = Debug|Any CPU
		{6910571F-6362-458C-BD74-86E43C672FE3}.Debug|Any CPU.Build.0 = Debug|Any CPU
		{6910571F-6362-458C-BD74-86E43C672FE3}.Release|Any CPU.ActiveCfg = Release|Any CPU
		{6910571F-6362-458C-BD74-86E43C672FE3}.Release|Any CPU.Build.0 = Release|Any CPU
		{1B1FEF5E-7922-782A-6AF2-A99A10FB2018}.Debug|Any CPU.ActiveCfg = Debug|Any CPU
		{1B1FEF5E-7922-782A-6AF2-A99A10FB2018}.Debug|Any CPU.Build.0 = Debug|Any CPU
		{1B1FEF5E-7922-782A-6AF2-A99A10FB2018}.Release|Any CPU.ActiveCfg = Release|Any CPU
		{1B1FEF5E-7922-782A-6AF2-A99A10FB2018}.Release|Any CPU.Build.0 = Release|Any CPU
		{74BF7C4E-C954-4987-ABBF-C6741C7A0A4F}.Debug|Any CPU.ActiveCfg = Debug|Any CPU
		{74BF7C4E-C954-4987-ABBF-C6741C7A0A4F}.Debug|Any CPU.Build.0 = Debug|Any CPU
		{74BF7C4E-C954-4987-ABBF-C6741C7A0A4F}.Release|Any CPU.ActiveCfg = Release|Any CPU
		{74BF7C4E-C954-4987-ABBF-C6741C7A0A4F}.Release|Any CPU.Build.0 = Release|Any CPU
		{E48CCE30-5035-E65C-4754-FFD0DE8F1797}.Debug|Any CPU.ActiveCfg = Debug|Any CPU
		{E48CCE30-5035-E65C-4754-FFD0DE8F1797}.Debug|Any CPU.Build.0 = Debug|Any CPU
		{E48CCE30-5035-E65C-4754-FFD0DE8F1797}.Release|Any CPU.ActiveCfg = Release|Any CPU
		{E48CCE30-5035-E65C-4754-FFD0DE8F1797}.Release|Any CPU.Build.0 = Release|Any CPU
		{48F49011-479C-3F5F-EC35-6A13C48AA69C}.Debug|Any CPU.ActiveCfg = Debug|Any CPU
		{48F49011-479C-3F5F-EC35-6A13C48AA69C}.Debug|Any CPU.Build.0 = Debug|Any CPU
		{48F49011-479C-3F5F-EC35-6A13C48AA69C}.Release|Any CPU.ActiveCfg = Release|Any CPU
		{48F49011-479C-3F5F-EC35-6A13C48AA69C}.Release|Any CPU.Build.0 = Release|Any CPU
		{D843BDEA-5FC4-7FE5-C591-C217591116EB}.Debug|Any CPU.ActiveCfg = Debug|Any CPU
		{D843BDEA-5FC4-7FE5-C591-C217591116EB}.Debug|Any CPU.Build.0 = Debug|Any CPU
		{D843BDEA-5FC4-7FE5-C591-C217591116EB}.Release|Any CPU.ActiveCfg = Release|Any CPU
		{D843BDEA-5FC4-7FE5-C591-C217591116EB}.Release|Any CPU.Build.0 = Release|Any CPU
		{1FB5756A-0E38-2320-9734-714D7B28BB2C}.Debug|Any CPU.ActiveCfg = Debug|Any CPU
		{1FB5756A-0E38-2320-9734-714D7B28BB2C}.Debug|Any CPU.Build.0 = Debug|Any CPU
		{1FB5756A-0E38-2320-9734-714D7B28BB2C}.Release|Any CPU.ActiveCfg = Release|Any CPU
		{1FB5756A-0E38-2320-9734-714D7B28BB2C}.Release|Any CPU.Build.0 = Release|Any CPU
		{8D8FAA1D-F6D5-7DAB-965D-6E97CF39B11B}.Debug|Any CPU.ActiveCfg = Debug|Any CPU
		{8D8FAA1D-F6D5-7DAB-965D-6E97CF39B11B}.Debug|Any CPU.Build.0 = Debug|Any CPU
		{8D8FAA1D-F6D5-7DAB-965D-6E97CF39B11B}.Release|Any CPU.ActiveCfg = Release|Any CPU
		{8D8FAA1D-F6D5-7DAB-965D-6E97CF39B11B}.Release|Any CPU.Build.0 = Release|Any CPU
		{56926F88-1B63-3940-0F6A-8E2B3B827016}.Debug|Any CPU.ActiveCfg = Debug|Any CPU
		{56926F88-1B63-3940-0F6A-8E2B3B827016}.Debug|Any CPU.Build.0 = Debug|Any CPU
		{56926F88-1B63-3940-0F6A-8E2B3B827016}.Release|Any CPU.ActiveCfg = Release|Any CPU
		{56926F88-1B63-3940-0F6A-8E2B3B827016}.Release|Any CPU.Build.0 = Release|Any CPU
		{A3A52726-29EA-CB7C-B70E-26730841FC25}.Debug|Any CPU.ActiveCfg = Debug|Any CPU
		{A3A52726-29EA-CB7C-B70E-26730841FC25}.Debug|Any CPU.Build.0 = Debug|Any CPU
		{A3A52726-29EA-CB7C-B70E-26730841FC25}.Release|Any CPU.ActiveCfg = Release|Any CPU
		{A3A52726-29EA-CB7C-B70E-26730841FC25}.Release|Any CPU.Build.0 = Release|Any CPU
		{ABAC4C26-7267-4B81-0E35-105BECFCD572}.Debug|Any CPU.ActiveCfg = Debug|Any CPU
		{ABAC4C26-7267-4B81-0E35-105BECFCD572}.Debug|Any CPU.Build.0 = Debug|Any CPU
		{ABAC4C26-7267-4B81-0E35-105BECFCD572}.Release|Any CPU.ActiveCfg = Release|Any CPU
		{ABAC4C26-7267-4B81-0E35-105BECFCD572}.Release|Any CPU.Build.0 = Release|Any CPU
	EndGlobalSection
	GlobalSection(SolutionProperties) = preSolution
		HideSolutionNode = FALSE
	EndGlobalSection
EndGlobal
